
Microsoft Visual Studio Solution File, Format Version 12.00
# Visual Studio Version 16
VisualStudioVersion = 16.0.31729.503
MinimumVisualStudioVersion = 10.0.40219.1
Project("{8BC9CEB8-8B4A-11D0-8D11-00A0C91BC942}") = "Battelship", "Battelship.vcxproj", "{F77CD146-5180-4629-8BAA-D183947E4590}"
EndProject
Global
	GlobalSection(SolutionConfigurationPlatforms) = preSolution
		Debug|x64 = Debug|x64
		Debug|x86 = Debug|x86
		Release|x64 = Release|x64
		Release|x86 = Release|x86
	EndGlobalSection
	GlobalSection(ProjectConfigurationPlatforms) = postSolution
		{F77CD146-5180-4629-8BAA-D183947E4590}.Debug|x64.ActiveCfg = Debug|x64
		{F77CD146-5180-4629-8BAA-D183947E4590}.Debug|x64.Build.0 = Debug|x64
		{F77CD146-5180-4629-8BAA-D183947E4590}.Debug|x86.ActiveCfg = Debug|Win32
		{F77CD146-5180-4629-8BAA-D183947E4590}.Debug|x86.Build.0 = Debug|Win32
		{F77CD146-5180-4629-8BAA-D183947E4590}.Release|x64.ActiveCfg = Release|x64
		{F77CD146-5180-4629-8BAA-D183947E4590}.Release|x64.Build.0 = Release|x64
		{F77CD146-5180-4629-8BAA-D183947E4590}.Release|x86.ActiveCfg = Release|Win32
		{F77CD146-5180-4629-8BAA-D183947E4590}.Release|x86.Build.0 = Release|Win32
	EndGlobalSection
	GlobalSection(SolutionProperties) = preSolution
		HideSolutionNode = FALSE
	EndGlobalSection
	GlobalSection(ExtensibilityGlobals) = postSolution
		SolutionGuid = {82058C1F-8560-47FC-9603-FB10C99BACC7}
	EndGlobalSection
EndGlobal
